<?xml version="1.0" encoding="utf-8"?>
<Project ToolsVersion="4.0" xmlns="http://schemas.microsoft.com/developer/msbuild/2003">
  <ItemGroup>
    <Filter Include="Source Files">
      <UniqueIdentifier>{4FC737F1-C7A5-4376-A066-2A32D752A2FF}</UniqueIdentifier>
      <Extensions>cpp;c;cc;cxx;c++;cppm;ixx;def;odl;idl;hpj;bat;asm;asmx</Extensions>
    </Filter>
    <Filter Include="Header Files">
      <UniqueIdentifier>{93995380-89BD-4b04-88EB-625FBE52EBFB}</UniqueIdentifier>
      <Extensions>h;hh;hpp;hxx;h++;hm;inl;inc;ipp;xsd</Extensions>
    </Filter>
    <Filter Include="Resource Files">
      <UniqueIdentifier>{67DA6AB6-F800-4c08-8B7A-83BB121AAD01}</UniqueIdentifier>
      <Extensions>rc;ico;cur;bmp;dlg;rc2;rct;bin;rgs;gif;jpg;jpeg;jpe;resx;tiff;tif;png;wav;mfcribbon-ms</Extensions>
    </Filter>
  </ItemGroup>
  <ItemGroup>
    <ClCompile Include="driver.cpp">
      <Filter>Source Files</Filter>
    </ClCompile>
    <ClCompile Include="graphics\Window.cpp">
      <Filter>Source Files</Filter>
    </ClCompile>
    <ClCompile Include="glad.c">
      <Filter>Source Files</Filter>
    </ClCompile>
    <ClCompile Include="graphics\Shader.cpp">
      <Filter>Source Files</Filter>
    </ClCompile>
    <ClCompile Include="graphics\Sprite.cpp">
      <Filter>Source Files</Filter>
    </ClCompile>
    <ClCompile Include="state\Game.cpp">
      <Filter>Source Files</Filter>
    </ClCompile>
    <ClCompile Include="game\GameObject.cpp">
      <Filter>Source Files</Filter>
    </ClCompile>
    <ClCompile Include="state\Controller.cpp">
      <Filter>Source Files</Filter>
    </ClCompile>
    <ClCompile Include="graphics\ResourceManager.cpp">
      <Filter>Source Files</Filter>
    </ClCompile>
    <ClCompile Include="game\Shapes\Polygon.cpp">
      <Filter>Source Files</Filter>
    </ClCompile>
    <ClCompile Include="game\Shapes\CompositePolygon.cpp">
      <Filter>Source Files</Filter>
    </ClCompile>
    <ClCompile Include="game\Shapes\Circle.cpp">
      <Filter>Source Files</Filter>
    </ClCompile>
    <ClCompile Include="state\Engine.cpp">
      <Filter>Source Files</Filter>
    </ClCompile>
    <ClCompile Include="scripts\ScriptInitializer.cpp">
      <Filter>Source Files</Filter>
    </ClCompile>
    <ClCompile Include="scripts\ScriptExecutor.cpp">
      <Filter>Source Files</Filter>
    </ClCompile>
  </ItemGroup>
  <ItemGroup>
    <ClInclude Include="graphics\Window.h">
      <Filter>Header Files</Filter>
    </ClInclude>
    <ClInclude Include="graphics\Shader.h">
      <Filter>Header Files</Filter>
    </ClInclude>
    <ClInclude Include="graphics\Sprite.h">
      <Filter>Header Files</Filter>
    </ClInclude>
    <ClInclude Include="state\Game.h">
      <Filter>Header Files</Filter>
    </ClInclude>
    <ClInclude Include="game\GameObject.h">
      <Filter>Header Files</Filter>
    </ClInclude>
    <ClInclude Include="graphics\stb_image.h">
      <Filter>Header Files</Filter>
    </ClInclude>
    <ClInclude Include="state\Controller.h">
      <Filter>Header Files</Filter>
    </ClInclude>
    <ClInclude Include="graphics\ResourceManager.h">
      <Filter>Header Files</Filter>
    </ClInclude>
    <ClInclude Include="game\Shapes\Shape.h">
      <Filter>Header Files</Filter>
    </ClInclude>
    <ClInclude Include="game\Shapes\Polygon.h">
      <Filter>Header Files</Filter>
    </ClInclude>
    <ClInclude Include="game\Shapes\CompositePolygon.h">
      <Filter>Header Files</Filter>
    </ClInclude>
    <ClInclude Include="game\Shapes\Circle.h">
      <Filter>Header Files</Filter>
    </ClInclude>
    <ClInclude Include="state\Engine.h">
      <Filter>Header Files</Filter>
    </ClInclude>
    <ClInclude Include="game\BulletType.h">
      <Filter>Header Files</Filter>
    </ClInclude>
    <ClInclude Include="scripts\Script.h">
      <Filter>Header Files</Filter>
    </ClInclude>
    <ClInclude Include="scripts\ScriptInitializer.h">
      <Filter>Header Files</Filter>
    </ClInclude>
    <ClInclude Include="scripts\ScriptCollection.h">
      <Filter>Header Files</Filter>
    </ClInclude>
    <ClInclude Include="scripts\ScriptExecutor.h">
      <Filter>Header Files</Filter>
    </ClInclude>
    <ClInclude Include="state\Bindings.h">
      <Filter>Header Files</Filter>
    </ClInclude>
  </ItemGroup>
  <ItemGroup>
    <None Include="graphics\shaders\sprite.frag" />
    <None Include="graphics\shaders\sprite.vert" />
    <None Include="graphics\textures\textures.info" />
    <None Include="graphics\shaders\face.vert" />
    <None Include="graphics\shaders\face.frag" />
  </ItemGroup>
  <ItemGroup>
    <Image Include="graphics\textures\cigar.jpg">
      <Filter>Resource Files</Filter>
    </Image>
  </ItemGroup>
  <ItemGroup>
    <Font Include="graphics\fonts\arial.ttf" />
  </ItemGroup>
</Project>